
Microsoft Visual Studio Solution File, Format Version 12.00
# Visual Studio Version 16
VisualStudioVersion = 16.0.31613.86
MinimumVisualStudioVersion = 10.0.40219.1
Project("{FAE04EC0-301F-11D3-BF4B-00C04F79EFBC}") = "Task2_EmanuelCaprariu", "Task2_EmanuelCaprariu\Task2_EmanuelCaprariu.csproj", "{50CFA722-FE5A-4EDF-AB1C-817BBBA80779}"
EndProject
Global
	GlobalSection(SolutionConfigurationPlatforms) = preSolution
		Debug|Any CPU = Debug|Any CPU
		Release|Any CPU = Release|Any CPU
	EndGlobalSection
	GlobalSection(ProjectConfigurationPlatforms) = postSolution
		{50CFA722-FE5A-4EDF-AB1C-817BBBA80779}.Debug|Any CPU.ActiveCfg = Debug|Any CPU
		{50CFA722-FE5A-4EDF-AB1C-817BBBA80779}.Debug|Any CPU.Build.0 = Debug|Any CPU
		{50CFA722-FE5A-4EDF-AB1C-817BBBA80779}.Release|Any CPU.ActiveCfg = Release|Any CPU
		{50CFA722-FE5A-4EDF-AB1C-817BBBA80779}.Release|Any CPU.Build.0 = Release|Any CPU
	EndGlobalSection
	GlobalSection(SolutionProperties) = preSolution
		HideSolutionNode = FALSE
	EndGlobalSection
	GlobalSection(ExtensibilityGlobals) = postSolution
		SolutionGuid = {D90B5C48-EFF4-4685-A5F0-10E343B5E883}
	EndGlobalSection
EndGlobal
