
Microsoft Visual Studio Solution File, Format Version 12.00
# Visual Studio Version 16
VisualStudioVersion = 16.0.31702.278
MinimumVisualStudioVersion = 10.0.40219.1
Project("{FAE04EC0-301F-11D3-BF4B-00C04F79EFBC}") = "Lucrarea01", "Lucrarea01\Lucrarea01.csproj", "{7EAE1774-3481-452C-B028-E123A219831F}"
EndProject
Global
	GlobalSection(SolutionConfigurationPlatforms) = preSolution
		Debug|Any CPU = Debug|Any CPU
		Release|Any CPU = Release|Any CPU
	EndGlobalSection
	GlobalSection(ProjectConfigurationPlatforms) = postSolution
		{7EAE1774-3481-452C-B028-E123A219831F}.Debug|Any CPU.ActiveCfg = Debug|Any CPU
		{7EAE1774-3481-452C-B028-E123A219831F}.Debug|Any CPU.Build.0 = Debug|Any CPU
		{7EAE1774-3481-452C-B028-E123A219831F}.Release|Any CPU.ActiveCfg = Release|Any CPU
		{7EAE1774-3481-452C-B028-E123A219831F}.Release|Any CPU.Build.0 = Release|Any CPU
	EndGlobalSection
	GlobalSection(SolutionProperties) = preSolution
		HideSolutionNode = FALSE
	EndGlobalSection
	GlobalSection(ExtensibilityGlobals) = postSolution
		SolutionGuid = {F7A6E395-B09B-4995-BB1F-6C35468C99A6}
	EndGlobalSection
EndGlobal
